hash: 61c11b4d14d9b6fac82bd3e05abb015619512570741da963f5b5aefd482f76ff
updated: 2017-10-05T19:51:38.416531-07:00
imports:
- name: aahframework.org/aah.v0
  version: 8b555337dd42b3caa0853ae4481da008b224ac3d
- name: aahframework.org/ahttp.v0
  version: f9b651b8092ec7477d4349bce07eb95c482306c8
- name: aahframework.org/aruntime.v0
  version: 3368d72836c245d93409bcf73e2eb5e74cf02767
- name: aahframework.org/config.v0
  version: 5e0e808cbd7cfa9a9b51c26adb2af891bd73ccda
- name: aahframework.org/essentials.v0
  version: 63371a71980d9ac948eb5b1ef7b23b435d13afdb
- name: aahframework.org/forge.v0
  version: 9f3b186d1c58fb40060cc9783d990d3a9c5e0176
  subpackages:
  - token
- name: aahframework.org/i18n.v0
  version: 8558a9d1e89af246eda371c0b0e66e83b12dbded
- name: aahframework.org/log.v0
  version: 7ff095b578d1d2181abeae6645175c9bd8d1bda5
- name: aahframework.org/router.v0
  version: 30fc4da59735c16b359b537d3f13e009d8b690a5
- name: aahframework.org/security.v0
  version: 96ba5d8ea885d7e373d906852e0e3baf62568832
  subpackages:
  - acrypto
  - anticsrf
  - authc
  - authz
  - cookie
  - scheme
  - session
- name: aahframework.org/valpar.v0
  version: b66ffe09843404678baecd85d7d0401ea7d9e8f3
- name: aahframework.org/view.v0
  version: 8f7e38b08f6a2f5298a65db32985676c2c9adf7a
- name: github.com/aah-cb/minify
  version: b58c89a923a766a8c794f58e139b4c281421418a
- name: github.com/russross/blackfriday
  version: 4048872b16cc0fc2c5fd9eacf0ed2c2fedaa0c8c
- name: github.com/tdewolff/buffer
  version: 3fd6d6981daf9f995504e6ae31c005780dca2179
- name: github.com/tdewolff/minify
  version: d515420d53baa000cbf801c6fafd43e774704413
  subpackages:
  - html
- name: github.com/tdewolff/parse
  version: e4ac711ab0bf625c08270ba17557c30b2c1c5c2d
  subpackages:
  - html
- name: github.com/tdewolff/strconv
  version: 3e8091f4417ebaaa3910da63a45ea394ebbfb0e3
- name: golang.org/x/crypto
  version: 9419663f5a44be8b34ca85f08abc5fe1be11f8a3
  subpackages:
  - acme
  - acme/autocert
  - bcrypt
  - blowfish
  - pbkdf2
  - scrypt
testImports: []
